
Microsoft Visual Studio Solution File, Format Version 12.00
# Visual Studio Version 17
VisualStudioVersion = 17.1.32210.238
MinimumVisualStudioVersion = 10.0.40219.1
Project("{FAE04EC0-301F-11D3-BF4B-00C04F79EFBC}") = "OpenCV_Hand", "OpenCV_Hand\OpenCV_Hand.csproj", "{7FB4D659-9808-4EB6-88CE-7243C3D93D47}"
EndProject
Global
	GlobalSection(SolutionConfigurationPlatforms) = preSolution
		Debug|Any CPU = Debug|Any CPU
		Release|Any CPU = Release|Any CPU
	EndGlobalSection
	GlobalSection(ProjectConfigurationPlatforms) = postSolution
		{7FB4D659-9808-4EB6-88CE-7243C3D93D47}.Debug|Any CPU.ActiveCfg = Debug|Any CPU
		{7FB4D659-9808-4EB6-88CE-7243C3D93D47}.Debug|Any CPU.Build.0 = Debug|Any CPU
		{7FB4D659-9808-4EB6-88CE-7243C3D93D47}.Release|Any CPU.ActiveCfg = Release|Any CPU
		{7FB4D659-9808-4EB6-88CE-7243C3D93D47}.Release|Any CPU.Build.0 = Release|Any CPU
	EndGlobalSection
	GlobalSection(SolutionProperties) = preSolution
		HideSolutionNode = FALSE
	EndGlobalSection
	GlobalSection(ExtensibilityGlobals) = postSolution
		SolutionGuid = {46F77305-54D3-4DFD-963B-A0B8377DB487}
	EndGlobalSection
EndGlobal
